
Microsoft Visual Studio Solution File, Format Version 12.00
Project("{FAE04EC0-301F-11D3-BF4B-00C04F79EFBC}") = "BTSEApiSample", "BTSEApiSample\BTSEApiSample.csproj", "{B8690462-D532-47EC-B768-9385C639CA1B}"
EndProject
Project("{2150E333-8FDC-42A3-9474-1A3956D46DE8}") = "Future", "Future", "{19FD288F-E187-49CA-B4D5-16E8EDEFCC81}"
EndProject
Project("{2150E333-8FDC-42A3-9474-1A3956D46DE8}") = "Spot", "Spot", "{3C4F68F3-F479-45FC-B216-6DFA1B32B448}"
EndProject
Project("{FAE04EC0-301F-11D3-BF4B-00C04F79EFBC}") = "FuturesWsAuthenticationProject", "FuturesWsAuthenticationProject\FuturesWsAuthenticationProject.csproj", "{9B620D32-277C-48F9-8A3A-B60E74CE01DF}"
EndProject
Project("{FAE04EC0-301F-11D3-BF4B-00C04F79EFBC}") = "SpotMakeOrderProject", "SpotMakeOrderProject\SpotMakeOrderProject.csproj", "{35C58D50-0912-45FC-8E6F-F63D22F13BA6}"
EndProject
Project("{FAE04EC0-301F-11D3-BF4B-00C04F79EFBC}") = "SpotCancelOrderProject", "SpotCancelOrderProject\SpotCancelOrderProject.csproj", "{AE0DBB25-CBE4-4CEF-98B4-3E2C3C5CD667}"
EndProject
Project("{FAE04EC0-301F-11D3-BF4B-00C04F79EFBC}") = "FutureQueryMarketPriceProject", "FutureQueryMarketPriceProject\FutureQueryMarketPriceProject.csproj", "{8DA88315-637E-407B-A4C2-F6A74384D920}"
EndProject
Project("{FAE04EC0-301F-11D3-BF4B-00C04F79EFBC}") = "FutureMakeOrderProject", "FutureMakeOrderProject\FutureMakeOrderProject.csproj", "{A2BF7A00-15E1-4B98-9E74-04E8FD821EC1}"
EndProject
Project("{FAE04EC0-301F-11D3-BF4B-00C04F79EFBC}") = "SpotWsAuthenticationProject", "SpotWsAuthenticationProject\SpotWsAuthenticationProject.csproj", "{92A2D181-8512-4FEB-8FEB-2430D64F763E}"
EndProject
Project("{FAE04EC0-301F-11D3-BF4B-00C04F79EFBC}") = "SpotQueryMarketPriceProject", "SpotQueryMarketPriceProject\SpotQueryMarketPriceProject.csproj", "{FDEBC666-D6A8-421C-9C56-5AE93FED6188}"
EndProject
Project("{FAE04EC0-301F-11D3-BF4B-00C04F79EFBC}") = "FutureCancelOrderProject", "FutureCancelOrderProject\FutureCancelOrderProject.csproj", "{7AFB456C-C0FE-4345-80AF-A5D3B6772759}"
EndProject
Project("{FAE04EC0-301F-11D3-BF4B-00C04F79EFBC}") = "FutureAmendOrderProject", "FutureAmendOrderProject\FutureAmendOrderProject.csproj", "{1F4337A2-9F9A-4108-91D2-198E7163882D}"
EndProject
Project("{FAE04EC0-301F-11D3-BF4B-00C04F79EFBC}") = "FutureBindTpSlProject", "FutureBindTpSlProject\FutureBindTpSlProject.csproj", "{6BDA1AFF-5497-4CE7-BCF3-583EEED2124C}"
EndProject
Project("{FAE04EC0-301F-11D3-BF4B-00C04F79EFBC}") = "FutureCancelAllAfterProject", "FutureCancelAllAfterProject\FutureCancelAllAfterProject.csproj", "{2F6F5808-1063-4A70-BB22-19332A998BD7}"
EndProject
Project("{FAE04EC0-301F-11D3-BF4B-00C04F79EFBC}") = "FutureChangePositionModeProject", "FutureChangePositionModeProject\FutureChangePositionModeProject.csproj", "{6A9F252D-FF10-446E-8CB4-2E6283780A2B}"
EndProject
Project("{FAE04EC0-301F-11D3-BF4B-00C04F79EFBC}") = "FutureChangeSettlementProject", "FutureChangeSettlementProject\FutureChangeSettlementProject.csproj", "{0C267D27-5F5E-4B06-BF17-C4A451D1D7D9}"
EndProject
Project("{FAE04EC0-301F-11D3-BF4B-00C04F79EFBC}") = "FutureChartingDataProject", "FutureChartingDataProject\FutureChartingDataProject.csproj", "{1C33DC01-A350-414E-9AE8-816049C08177}"
EndProject
Project("{FAE04EC0-301F-11D3-BF4B-00C04F79EFBC}") = "FutureClosePositionProject", "FutureClosePositionProject\FutureClosePositionProject.csproj", "{2EE04709-2F45-4D36-A53F-3CFBE8BC7B0B}"
EndProject
Project("{FAE04EC0-301F-11D3-BF4B-00C04F79EFBC}") = "FutureCreateAlgoOrderProject", "FutureCreateAlgoOrderProject\FutureCreateAlgoOrderProject.csproj", "{5825E358-7B96-4F70-8BBD-A6C2D1393D8F}"
EndProject
Project("{FAE04EC0-301F-11D3-BF4B-00C04F79EFBC}") = "FutureFundingHistoryProject", "FutureFundingHistoryProject\FutureFundingHistoryProject.csproj", "{E433C412-0167-4124-9090-6C46AFB01EA4}"
EndProject
Project("{FAE04EC0-301F-11D3-BF4B-00C04F79EFBC}") = "FutureGetLeverageProject", "FutureGetLeverageProject\FutureGetLeverageProject.csproj", "{61CAC767-4108-4D34-8302-AE50AE63636E}"
EndProject
Project("{FAE04EC0-301F-11D3-BF4B-00C04F79EFBC}") = "FutureGetRiskLimitProject", "FutureGetRiskLimitProject\FutureGetRiskLimitProject.csproj", "{61F6A3C0-FC15-4273-8382-7A5F64DDF199}"
EndProject
Project("{FAE04EC0-301F-11D3-BF4B-00C04F79EFBC}") = "FutureMarketRiskLimitProject", "FutureMarketRiskLimitProject\FutureMarketRiskLimitProject.csproj", "{69F07E99-BFBB-4C14-AAD6-ECB2B66F3CF1}"
EndProject
Project("{FAE04EC0-301F-11D3-BF4B-00C04F79EFBC}") = "FutureMarketSummaryProject", "FutureMarketSummaryProject\FutureMarketSummaryProject.csproj", "{FA55B40F-EE7A-4755-8FF7-1DA5FDC04E5A}"
EndProject
Project("{FAE04EC0-301F-11D3-BF4B-00C04F79EFBC}") = "FutureOrderbookL2Project", "FutureOrderbookL2Project\FutureOrderbookL2Project.csproj", "{004C6F3C-4990-4167-91CD-6A3DEFC0326C}"
EndProject
Project("{FAE04EC0-301F-11D3-BF4B-00C04F79EFBC}") = "FutureOrderbookProject", "FutureOrderbookProject\FutureOrderbookProject.csproj", "{649F8A64-ED97-4785-BF21-6E7523D3C7BB}"
EndProject
Project("{FAE04EC0-301F-11D3-BF4B-00C04F79EFBC}") = "FutureQueryAccountFeesProject", "FutureQueryAccountFeesProject\FutureQueryAccountFeesProject.csproj", "{E4A32FB6-1B37-41A9-9F52-A9FB7FEE25D1}"
EndProject
Project("{FAE04EC0-301F-11D3-BF4B-00C04F79EFBC}") = "FutureQueryMarginSettingProject", "FutureQueryMarginSettingProject\FutureQueryMarginSettingProject.csproj", "{E445F12F-6BBE-4363-B1AF-1E786D800749}"
EndProject
Project("{FAE04EC0-301F-11D3-BF4B-00C04F79EFBC}") = "FutureQueryOpenOrdersProject", "FutureQueryOpenOrdersProject\FutureQueryOpenOrdersProject.csproj", "{14986474-177B-4751-A29D-166C4679AFC4}"
EndProject
Project("{FAE04EC0-301F-11D3-BF4B-00C04F79EFBC}") = "FutureQueryOrderProject", "FutureQueryOrderProject\FutureQueryOrderProject.csproj", "{99217222-F5D4-4859-A09E-DC22905D9A77}"
EndProject
Project("{FAE04EC0-301F-11D3-BF4B-00C04F79EFBC}") = "FutureQueryPositionModeProject", "FutureQueryPositionModeProject\FutureQueryPositionModeProject.csproj", "{8B6C4ED4-E5E4-4376-A116-778C4A81D324}"
EndProject
Project("{FAE04EC0-301F-11D3-BF4B-00C04F79EFBC}") = "FutureQueryPositionProject", "FutureQueryPositionProject\FutureQueryPositionProject.csproj", "{9AAF2131-4BBC-4553-BAA0-BC5799710AF6}"
EndProject
Project("{FAE04EC0-301F-11D3-BF4B-00C04F79EFBC}") = "FutureQueryTradeHistoryProject", "FutureQueryTradeHistoryProject\FutureQueryTradeHistoryProject.csproj", "{FF18AF92-C059-4D2E-9B6F-53E52CF2E81F}"
EndProject
Project("{FAE04EC0-301F-11D3-BF4B-00C04F79EFBC}") = "FutureQueryTradesProject", "FutureQueryTradesProject\FutureQueryTradesProject.csproj", "{5C41DA86-23F5-48CE-B596-1CE39E7558F9}"
EndProject
Project("{FAE04EC0-301F-11D3-BF4B-00C04F79EFBC}") = "FutureQueryUnifiedWalletMarginProject", "FutureQueryUnifiedWalletMarginProject\FutureQueryUnifiedWalletMarginProject.csproj", "{0F54D442-12BA-4D32-93C5-19CAC08F0D63}"
EndProject
Project("{FAE04EC0-301F-11D3-BF4B-00C04F79EFBC}") = "FutureQueryWalletBalanceProject", "FutureQueryWalletBalanceProject\FutureQueryWalletBalanceProject.csproj", "{1008D594-DC0A-4116-802A-ADFDA046DD94}"
EndProject
Project("{FAE04EC0-301F-11D3-BF4B-00C04F79EFBC}") = "FutureQueryWalletHistoryProject", "FutureQueryWalletHistoryProject\FutureQueryWalletHistoryProject.csproj", "{C58666EA-4B7C-4800-AC06-326174BE5F1D}"
EndProject
Project("{FAE04EC0-301F-11D3-BF4B-00C04F79EFBC}") = "FutureQueryWalletMarginProject", "FutureQueryWalletMarginProject\FutureQueryWalletMarginProject.csproj", "{6840CABA-DF90-463A-81CE-77BC329D55F2}"
EndProject
Project("{FAE04EC0-301F-11D3-BF4B-00C04F79EFBC}") = "FutureSetLeverageProject", "FutureSetLeverageProject\FutureSetLeverageProject.csproj", "{94E7DC53-2194-4AAC-98E7-4FE108E86D8A}"
EndProject
Project("{FAE04EC0-301F-11D3-BF4B-00C04F79EFBC}") = "FutureSetRiskLimitProject", "FutureSetRiskLimitProject\FutureSetRiskLimitProject.csproj", "{8935789F-955D-4777-8459-C3AE5EB60CE0}"
EndProject
Project("{FAE04EC0-301F-11D3-BF4B-00C04F79EFBC}") = "FutureSubAccountTransferProject", "FutureSubAccountTransferProject\FutureSubAccountTransferProject.csproj", "{8D78636E-3955-42A5-BC82-8D588C5F05EB}"
EndProject
Project("{FAE04EC0-301F-11D3-BF4B-00C04F79EFBC}") = "FutureTransferFundsProject", "FutureTransferFundsProject\FutureTransferFundsProject.csproj", "{D18FCA7C-BFEC-4639-8D9E-22A5C0FF53C0}"
EndProject
Project("{FAE04EC0-301F-11D3-BF4B-00C04F79EFBC}") = "FutureWsAllPositionProject", "FutureWsAllPositionProject\FutureWsAllPositionProject.csproj", "{34678B29-7CD2-49C2-B894-902B305DBF2C}"
EndProject
Project("{FAE04EC0-301F-11D3-BF4B-00C04F79EFBC}") = "FutureWsNotificationsProject", "FutureWsNotificationsProject\FutureWsNotificationsProject.csproj", "{7373CB34-BA32-41E0-A394-CB9BF1EA157F}"
EndProject
Project("{FAE04EC0-301F-11D3-BF4B-00C04F79EFBC}") = "FutureWsOrderbookDeltaProject", "FutureWsOrderbookDeltaProject\FutureWsOrderbookDeltaProject.csproj", "{8878AD87-839A-45D5-82B7-C5611613EA08}"
EndProject
Project("{FAE04EC0-301F-11D3-BF4B-00C04F79EFBC}") = "FutureWsOrderbookSnapshotProject", "FutureWsOrderbookSnapshotProject\FutureWsOrderbookSnapshotProject.csproj", "{CABEB1E2-3C2F-405D-B5EC-A5AC810EF65A}"
EndProject
Project("{FAE04EC0-301F-11D3-BF4B-00C04F79EFBC}") = "FutureWsPositionsProject", "FutureWsPositionsProject\FutureWsPositionsProject.csproj", "{D75ABA44-72B3-41F0-84A1-52505A3208EC}"
EndProject
Project("{FAE04EC0-301F-11D3-BF4B-00C04F79EFBC}") = "FutureWsPublicTradeFillsProject", "FutureWsPublicTradeFillsProject\FutureWsPublicTradeFillsProject.csproj", "{2251144E-6A54-4EBD-8E60-C3CD738A1AE5}"
EndProject
Project("{FAE04EC0-301F-11D3-BF4B-00C04F79EFBC}") = "FutureWsSubscriptionProject", "FutureWsSubscriptionProject\FutureWsSubscriptionProject.csproj", "{2DAE21AA-BC85-4A8D-8389-2988DDF0DA4A}"
EndProject
Project("{FAE04EC0-301F-11D3-BF4B-00C04F79EFBC}") = "FutureWsUserTradeFillsProject", "FutureWsUserTradeFillsProject\FutureWsUserTradeFillsProject.csproj", "{435818D4-07C4-4D1D-88E0-ED491272A921}"
EndProject
Global
	GlobalSection(SolutionConfigurationPlatforms) = preSolution
		Debug|Any CPU = Debug|Any CPU
		Debug|x64 = Debug|x64
		Debug|x86 = Debug|x86
		Release|Any CPU = Release|Any CPU
		Release|x64 = Release|x64
		Release|x86 = Release|x86
	EndGlobalSection
	GlobalSection(ProjectConfigurationPlatforms) = postSolution
		{B8690462-D532-47EC-B768-9385C639CA1B}.Debug|Any CPU.ActiveCfg = Debug|Any CPU
		{B8690462-D532-47EC-B768-9385C639CA1B}.Debug|Any CPU.Build.0 = Debug|Any CPU
		{B8690462-D532-47EC-B768-9385C639CA1B}.Debug|x64.ActiveCfg = Debug|Any CPU
		{B8690462-D532-47EC-B768-9385C639CA1B}.Debug|x64.Build.0 = Debug|Any CPU
		{B8690462-D532-47EC-B768-9385C639CA1B}.Debug|x86.ActiveCfg = Debug|Any CPU
		{B8690462-D532-47EC-B768-9385C639CA1B}.Debug|x86.Build.0 = Debug|Any CPU
		{B8690462-D532-47EC-B768-9385C639CA1B}.Release|Any CPU.ActiveCfg = Release|Any CPU
		{B8690462-D532-47EC-B768-9385C639CA1B}.Release|Any CPU.Build.0 = Release|Any CPU
		{B8690462-D532-47EC-B768-9385C639CA1B}.Release|x64.ActiveCfg = Release|Any CPU
		{B8690462-D532-47EC-B768-9385C639CA1B}.Release|x64.Build.0 = Release|Any CPU
		{B8690462-D532-47EC-B768-9385C639CA1B}.Release|x86.ActiveCfg = Release|Any CPU
		{B8690462-D532-47EC-B768-9385C639CA1B}.Release|x86.Build.0 = Release|Any CPU
		{9B620D32-277C-48F9-8A3A-B60E74CE01DF}.Debug|Any CPU.ActiveCfg = Debug|Any CPU
		{9B620D32-277C-48F9-8A3A-B60E74CE01DF}.Debug|Any CPU.Build.0 = Debug|Any CPU
		{9B620D32-277C-48F9-8A3A-B60E74CE01DF}.Debug|x64.ActiveCfg = Debug|Any CPU
		{9B620D32-277C-48F9-8A3A-B60E74CE01DF}.Debug|x64.Build.0 = Debug|Any CPU
		{9B620D32-277C-48F9-8A3A-B60E74CE01DF}.Debug|x86.ActiveCfg = Debug|Any CPU
		{9B620D32-277C-48F9-8A3A-B60E74CE01DF}.Debug|x86.Build.0 = Debug|Any CPU
		{9B620D32-277C-48F9-8A3A-B60E74CE01DF}.Release|Any CPU.ActiveCfg = Release|Any CPU
		{9B620D32-277C-48F9-8A3A-B60E74CE01DF}.Release|Any CPU.Build.0 = Release|Any CPU
		{9B620D32-277C-48F9-8A3A-B60E74CE01DF}.Release|x64.ActiveCfg = Release|Any CPU
		{9B620D32-277C-48F9-8A3A-B60E74CE01DF}.Release|x64.Build.0 = Release|Any CPU
		{9B620D32-277C-48F9-8A3A-B60E74CE01DF}.Release|x86.ActiveCfg = Release|Any CPU
		{9B620D32-277C-48F9-8A3A-B60E74CE01DF}.Release|x86.Build.0 = Release|Any CPU
		{35C58D50-0912-45FC-8E6F-F63D22F13BA6}.Debug|Any CPU.ActiveCfg = Debug|Any CPU
		{35C58D50-0912-45FC-8E6F-F63D22F13BA6}.Debug|Any CPU.Build.0 = Debug|Any CPU
		{35C58D50-0912-45FC-8E6F-F63D22F13BA6}.Debug|x64.ActiveCfg = Debug|Any CPU
		{35C58D50-0912-45FC-8E6F-F63D22F13BA6}.Debug|x64.Build.0 = Debug|Any CPU
		{35C58D50-0912-45FC-8E6F-F63D22F13BA6}.Debug|x86.ActiveCfg = Debug|Any CPU
		{35C58D50-0912-45FC-8E6F-F63D22F13BA6}.Debug|x86.Build.0 = Debug|Any CPU
		{35C58D50-0912-45FC-8E6F-F63D22F13BA6}.Release|Any CPU.ActiveCfg = Release|Any CPU
		{35C58D50-0912-45FC-8E6F-F63D22F13BA6}.Release|Any CPU.Build.0 = Release|Any CPU
		{35C58D50-0912-45FC-8E6F-F63D22F13BA6}.Release|x64.ActiveCfg = Release|Any CPU
		{35C58D50-0912-45FC-8E6F-F63D22F13BA6}.Release|x64.Build.0 = Release|Any CPU
		{35C58D50-0912-45FC-8E6F-F63D22F13BA6}.Release|x86.ActiveCfg = Release|Any CPU
		{35C58D50-0912-45FC-8E6F-F63D22F13BA6}.Release|x86.Build.0 = Release|Any CPU
		{AE0DBB25-CBE4-4CEF-98B4-3E2C3C5CD667}.Debug|Any CPU.ActiveCfg = Debug|Any CPU
		{AE0DBB25-CBE4-4CEF-98B4-3E2C3C5CD667}.Debug|Any CPU.Build.0 = Debug|Any CPU
		{AE0DBB25-CBE4-4CEF-98B4-3E2C3C5CD667}.Debug|x64.ActiveCfg = Debug|Any CPU
		{AE0DBB25-CBE4-4CEF-98B4-3E2C3C5CD667}.Debug|x64.Build.0 = Debug|Any CPU
		{AE0DBB25-CBE4-4CEF-98B4-3E2C3C5CD667}.Debug|x86.ActiveCfg = Debug|Any CPU
		{AE0DBB25-CBE4-4CEF-98B4-3E2C3C5CD667}.Debug|x86.Build.0 = Debug|Any CPU
		{AE0DBB25-CBE4-4CEF-98B4-3E2C3C5CD667}.Release|Any CPU.ActiveCfg = Release|Any CPU
		{AE0DBB25-CBE4-4CEF-98B4-3E2C3C5CD667}.Release|Any CPU.Build.0 = Release|Any CPU
		{AE0DBB25-CBE4-4CEF-98B4-3E2C3C5CD667}.Release|x64.ActiveCfg = Release|Any CPU
		{AE0DBB25-CBE4-4CEF-98B4-3E2C3C5CD667}.Release|x64.Build.0 = Release|Any CPU
		{AE0DBB25-CBE4-4CEF-98B4-3E2C3C5CD667}.Release|x86.ActiveCfg = Release|Any CPU
		{AE0DBB25-CBE4-4CEF-98B4-3E2C3C5CD667}.Release|x86.Build.0 = Release|Any CPU
		{8DA88315-637E-407B-A4C2-F6A74384D920}.Debug|Any CPU.ActiveCfg = Debug|Any CPU
		{8DA88315-637E-407B-A4C2-F6A74384D920}.Debug|Any CPU.Build.0 = Debug|Any CPU
		{8DA88315-637E-407B-A4C2-F6A74384D920}.Debug|x64.ActiveCfg = Debug|Any CPU
		{8DA88315-637E-407B-A4C2-F6A74384D920}.Debug|x64.Build.0 = Debug|Any CPU
		{8DA88315-637E-407B-A4C2-F6A74384D920}.Debug|x86.ActiveCfg = Debug|Any CPU
		{8DA88315-637E-407B-A4C2-F6A74384D920}.Debug|x86.Build.0 = Debug|Any CPU
		{8DA88315-637E-407B-A4C2-F6A74384D920}.Release|Any CPU.ActiveCfg = Release|Any CPU
		{8DA88315-637E-407B-A4C2-F6A74384D920}.Release|Any CPU.Build.0 = Release|Any CPU
		{8DA88315-637E-407B-A4C2-F6A74384D920}.Release|x64.ActiveCfg = Release|Any CPU
		{8DA88315-637E-407B-A4C2-F6A74384D920}.Release|x64.Build.0 = Release|Any CPU
		{8DA88315-637E-407B-A4C2-F6A74384D920}.Release|x86.ActiveCfg = Release|Any CPU
		{8DA88315-637E-407B-A4C2-F6A74384D920}.Release|x86.Build.0 = Release|Any CPU
		{A2BF7A00-15E1-4B98-9E74-04E8FD821EC1}.Debug|Any CPU.ActiveCfg = Debug|Any CPU
		{A2BF7A00-15E1-4B98-9E74-04E8FD821EC1}.Debug|Any CPU.Build.0 = Debug|Any CPU
		{A2BF7A00-15E1-4B98-9E74-04E8FD821EC1}.Debug|x64.ActiveCfg = Debug|Any CPU
		{A2BF7A00-15E1-4B98-9E74-04E8FD821EC1}.Debug|x64.Build.0 = Debug|Any CPU
		{A2BF7A00-15E1-4B98-9E74-04E8FD821EC1}.Debug|x86.ActiveCfg = Debug|Any CPU
		{A2BF7A00-15E1-4B98-9E74-04E8FD821EC1}.Debug|x86.Build.0 = Debug|Any CPU
		{A2BF7A00-15E1-4B98-9E74-04E8FD821EC1}.Release|Any CPU.ActiveCfg = Release|Any CPU
		{A2BF7A00-15E1-4B98-9E74-04E8FD821EC1}.Release|Any CPU.Build.0 = Release|Any CPU
		{A2BF7A00-15E1-4B98-9E74-04E8FD821EC1}.Release|x64.ActiveCfg = Release|Any CPU
		{A2BF7A00-15E1-4B98-9E74-04E8FD821EC1}.Release|x64.Build.0 = Release|Any CPU
		{A2BF7A00-15E1-4B98-9E74-04E8FD821EC1}.Release|x86.ActiveCfg = Release|Any CPU
		{A2BF7A00-15E1-4B98-9E74-04E8FD821EC1}.Release|x86.Build.0 = Release|Any CPU
		{92A2D181-8512-4FEB-8FEB-2430D64F763E}.Debug|Any CPU.ActiveCfg = Debug|Any CPU
		{92A2D181-8512-4FEB-8FEB-2430D64F763E}.Debug|Any CPU.Build.0 = Debug|Any CPU
		{92A2D181-8512-4FEB-8FEB-2430D64F763E}.Debug|x64.ActiveCfg = Debug|Any CPU
		{92A2D181-8512-4FEB-8FEB-2430D64F763E}.Debug|x64.Build.0 = Debug|Any CPU
		{92A2D181-8512-4FEB-8FEB-2430D64F763E}.Debug|x86.ActiveCfg = Debug|Any CPU
		{92A2D181-8512-4FEB-8FEB-2430D64F763E}.Debug|x86.Build.0 = Debug|Any CPU
		{92A2D181-8512-4FEB-8FEB-2430D64F763E}.Release|Any CPU.ActiveCfg = Release|Any CPU
		{92A2D181-8512-4FEB-8FEB-2430D64F763E}.Release|Any CPU.Build.0 = Release|Any CPU
		{92A2D181-8512-4FEB-8FEB-2430D64F763E}.Release|x64.ActiveCfg = Release|Any CPU
		{92A2D181-8512-4FEB-8FEB-2430D64F763E}.Release|x64.Build.0 = Release|Any CPU
		{92A2D181-8512-4FEB-8FEB-2430D64F763E}.Release|x86.ActiveCfg = Release|Any CPU
		{92A2D181-8512-4FEB-8FEB-2430D64F763E}.Release|x86.Build.0 = Release|Any CPU
		{FDEBC666-D6A8-421C-9C56-5AE93FED6188}.Debug|Any CPU.ActiveCfg = Debug|Any CPU
		{FDEBC666-D6A8-421C-9C56-5AE93FED6188}.Debug|Any CPU.Build.0 = Debug|Any CPU
		{FDEBC666-D6A8-421C-9C56-5AE93FED6188}.Debug|x64.ActiveCfg = Debug|Any CPU
		{FDEBC666-D6A8-421C-9C56-5AE93FED6188}.Debug|x64.Build.0 = Debug|Any CPU
		{FDEBC666-D6A8-421C-9C56-5AE93FED6188}.Debug|x86.ActiveCfg = Debug|Any CPU
		{FDEBC666-D6A8-421C-9C56-5AE93FED6188}.Debug|x86.Build.0 = Debug|Any CPU
		{FDEBC666-D6A8-421C-9C56-5AE93FED6188}.Release|Any CPU.ActiveCfg = Release|Any CPU
		{FDEBC666-D6A8-421C-9C56-5AE93FED6188}.Release|Any CPU.Build.0 = Release|Any CPU
		{FDEBC666-D6A8-421C-9C56-5AE93FED6188}.Release|x64.ActiveCfg = Release|Any CPU
		{FDEBC666-D6A8-421C-9C56-5AE93FED6188}.Release|x64.Build.0 = Release|Any CPU
		{FDEBC666-D6A8-421C-9C56-5AE93FED6188}.Release|x86.ActiveCfg = Release|Any CPU
		{FDEBC666-D6A8-421C-9C56-5AE93FED6188}.Release|x86.Build.0 = Release|Any CPU
		{7AFB456C-C0FE-4345-80AF-A5D3B6772759}.Debug|Any CPU.ActiveCfg = Debug|Any CPU
		{7AFB456C-C0FE-4345-80AF-A5D3B6772759}.Debug|Any CPU.Build.0 = Debug|Any CPU
		{7AFB456C-C0FE-4345-80AF-A5D3B6772759}.Debug|x64.ActiveCfg = Debug|Any CPU
		{7AFB456C-C0FE-4345-80AF-A5D3B6772759}.Debug|x64.Build.0 = Debug|Any CPU
		{7AFB456C-C0FE-4345-80AF-A5D3B6772759}.Debug|x86.ActiveCfg = Debug|Any CPU
		{7AFB456C-C0FE-4345-80AF-A5D3B6772759}.Debug|x86.Build.0 = Debug|Any CPU
		{7AFB456C-C0FE-4345-80AF-A5D3B6772759}.Release|Any CPU.ActiveCfg = Release|Any CPU
		{7AFB456C-C0FE-4345-80AF-A5D3B6772759}.Release|Any CPU.Build.0 = Release|Any CPU
		{7AFB456C-C0FE-4345-80AF-A5D3B6772759}.Release|x64.ActiveCfg = Release|Any CPU
		{7AFB456C-C0FE-4345-80AF-A5D3B6772759}.Release|x64.Build.0 = Release|Any CPU
		{7AFB456C-C0FE-4345-80AF-A5D3B6772759}.Release|x86.ActiveCfg = Release|Any CPU
		{7AFB456C-C0FE-4345-80AF-A5D3B6772759}.Release|x86.Build.0 = Release|Any CPU
		{1F4337A2-9F9A-4108-91D2-198E7163882D}.Debug|Any CPU.ActiveCfg = Debug|Any CPU
		{1F4337A2-9F9A-4108-91D2-198E7163882D}.Debug|Any CPU.Build.0 = Debug|Any CPU
		{1F4337A2-9F9A-4108-91D2-198E7163882D}.Debug|x64.ActiveCfg = Debug|Any CPU
		{1F4337A2-9F9A-4108-91D2-198E7163882D}.Debug|x64.Build.0 = Debug|Any CPU
		{1F4337A2-9F9A-4108-91D2-198E7163882D}.Debug|x86.ActiveCfg = Debug|Any CPU
		{1F4337A2-9F9A-4108-91D2-198E7163882D}.Debug|x86.Build.0 = Debug|Any CPU
		{1F4337A2-9F9A-4108-91D2-198E7163882D}.Release|Any CPU.ActiveCfg = Release|Any CPU
		{1F4337A2-9F9A-4108-91D2-198E7163882D}.Release|Any CPU.Build.0 = Release|Any CPU
		{1F4337A2-9F9A-4108-91D2-198E7163882D}.Release|x64.ActiveCfg = Release|Any CPU
		{1F4337A2-9F9A-4108-91D2-198E7163882D}.Release|x64.Build.0 = Release|Any CPU
		{1F4337A2-9F9A-4108-91D2-198E7163882D}.Release|x86.ActiveCfg = Release|Any CPU
		{1F4337A2-9F9A-4108-91D2-198E7163882D}.Release|x86.Build.0 = Release|Any CPU
		{6BDA1AFF-5497-4CE7-BCF3-583EEED2124C}.Debug|Any CPU.ActiveCfg = Debug|Any CPU
		{6BDA1AFF-5497-4CE7-BCF3-583EEED2124C}.Debug|Any CPU.Build.0 = Debug|Any CPU
		{6BDA1AFF-5497-4CE7-BCF3-583EEED2124C}.Debug|x64.ActiveCfg = Debug|Any CPU
		{6BDA1AFF-5497-4CE7-BCF3-583EEED2124C}.Debug|x64.Build.0 = Debug|Any CPU
		{6BDA1AFF-5497-4CE7-BCF3-583EEED2124C}.Debug|x86.ActiveCfg = Debug|Any CPU
		{6BDA1AFF-5497-4CE7-BCF3-583EEED2124C}.Debug|x86.Build.0 = Debug|Any CPU
		{6BDA1AFF-5497-4CE7-BCF3-583EEED2124C}.Release|Any CPU.ActiveCfg = Release|Any CPU
		{6BDA1AFF-5497-4CE7-BCF3-583EEED2124C}.Release|Any CPU.Build.0 = Release|Any CPU
		{6BDA1AFF-5497-4CE7-BCF3-583EEED2124C}.Release|x64.ActiveCfg = Release|Any CPU
		{6BDA1AFF-5497-4CE7-BCF3-583EEED2124C}.Release|x64.Build.0 = Release|Any CPU
		{6BDA1AFF-5497-4CE7-BCF3-583EEED2124C}.Release|x86.ActiveCfg = Release|Any CPU
		{6BDA1AFF-5497-4CE7-BCF3-583EEED2124C}.Release|x86.Build.0 = Release|Any CPU
		{2F6F5808-1063-4A70-BB22-19332A998BD7}.Debug|Any CPU.ActiveCfg = Debug|Any CPU
		{2F6F5808-1063-4A70-BB22-19332A998BD7}.Debug|Any CPU.Build.0 = Debug|Any CPU
		{2F6F5808-1063-4A70-BB22-19332A998BD7}.Debug|x64.ActiveCfg = Debug|Any CPU
		{2F6F5808-1063-4A70-BB22-19332A998BD7}.Debug|x64.Build.0 = Debug|Any CPU
		{2F6F5808-1063-4A70-BB22-19332A998BD7}.Debug|x86.ActiveCfg = Debug|Any CPU
		{2F6F5808-1063-4A70-BB22-19332A998BD7}.Debug|x86.Build.0 = Debug|Any CPU
		{2F6F5808-1063-4A70-BB22-19332A998BD7}.Release|Any CPU.ActiveCfg = Release|Any CPU
		{2F6F5808-1063-4A70-BB22-19332A998BD7}.Release|Any CPU.Build.0 = Release|Any CPU
		{2F6F5808-1063-4A70-BB22-19332A998BD7}.Release|x64.ActiveCfg = Release|Any CPU
		{2F6F5808-1063-4A70-BB22-19332A998BD7}.Release|x64.Build.0 = Release|Any CPU
		{2F6F5808-1063-4A70-BB22-19332A998BD7}.Release|x86.ActiveCfg = Release|Any CPU
		{2F6F5808-1063-4A70-BB22-19332A998BD7}.Release|x86.Build.0 = Release|Any CPU
		{6A9F252D-FF10-446E-8CB4-2E6283780A2B}.Debug|Any CPU.ActiveCfg = Debug|Any CPU
		{6A9F252D-FF10-446E-8CB4-2E6283780A2B}.Debug|Any CPU.Build.0 = Debug|Any CPU
		{6A9F252D-FF10-446E-8CB4-2E6283780A2B}.Debug|x64.ActiveCfg = Debug|Any CPU
		{6A9F252D-FF10-446E-8CB4-2E6283780A2B}.Debug|x64.Build.0 = Debug|Any CPU
		{6A9F252D-FF10-446E-8CB4-2E6283780A2B}.Debug|x86.ActiveCfg = Debug|Any CPU
		{6A9F252D-FF10-446E-8CB4-2E6283780A2B}.Debug|x86.Build.0 = Debug|Any CPU
		{6A9F252D-FF10-446E-8CB4-2E6283780A2B}.Release|Any CPU.ActiveCfg = Release|Any CPU
		{6A9F252D-FF10-446E-8CB4-2E6283780A2B}.Release|Any CPU.Build.0 = Release|Any CPU
		{6A9F252D-FF10-446E-8CB4-2E6283780A2B}.Release|x64.ActiveCfg = Release|Any CPU
		{6A9F252D-FF10-446E-8CB4-2E6283780A2B}.Release|x64.Build.0 = Release|Any CPU
		{6A9F252D-FF10-446E-8CB4-2E6283780A2B}.Release|x86.ActiveCfg = Release|Any CPU
		{6A9F252D-FF10-446E-8CB4-2E6283780A2B}.Release|x86.Build.0 = Release|Any CPU
		{0C267D27-5F5E-4B06-BF17-C4A451D1D7D9}.Debug|Any CPU.ActiveCfg = Debug|Any CPU
		{0C267D27-5F5E-4B06-BF17-C4A451D1D7D9}.Debug|Any CPU.Build.0 = Debug|Any CPU
		{0C267D27-5F5E-4B06-BF17-C4A451D1D7D9}.Debug|x64.ActiveCfg = Debug|Any CPU
		{0C267D27-5F5E-4B06-BF17-C4A451D1D7D9}.Debug|x64.Build.0 = Debug|Any CPU
		{0C267D27-5F5E-4B06-BF17-C4A451D1D7D9}.Debug|x86.ActiveCfg = Debug|Any CPU
		{0C267D27-5F5E-4B06-BF17-C4A451D1D7D9}.Debug|x86.Build.0 = Debug|Any CPU
		{0C267D27-5F5E-4B06-BF17-C4A451D1D7D9}.Release|Any CPU.ActiveCfg = Release|Any CPU
		{0C267D27-5F5E-4B06-BF17-C4A451D1D7D9}.Release|Any CPU.Build.0 = Release|Any CPU
		{0C267D27-5F5E-4B06-BF17-C4A451D1D7D9}.Release|x64.ActiveCfg = Release|Any CPU
		{0C267D27-5F5E-4B06-BF17-C4A451D1D7D9}.Release|x64.Build.0 = Release|Any CPU
		{0C267D27-5F5E-4B06-BF17-C4A451D1D7D9}.Release|x86.ActiveCfg = Release|Any CPU
		{0C267D27-5F5E-4B06-BF17-C4A451D1D7D9}.Release|x86.Build.0 = Release|Any CPU
		{1C33DC01-A350-414E-9AE8-816049C08177}.Debug|Any CPU.ActiveCfg = Debug|Any CPU
		{1C33DC01-A350-414E-9AE8-816049C08177}.Debug|Any CPU.Build.0 = Debug|Any CPU
		{1C33DC01-A350-414E-9AE8-816049C08177}.Debug|x64.ActiveCfg = Debug|Any CPU
		{1C33DC01-A350-414E-9AE8-816049C08177}.Debug|x64.Build.0 = Debug|Any CPU
		{1C33DC01-A350-414E-9AE8-816049C08177}.Debug|x86.ActiveCfg = Debug|Any CPU
		{1C33DC01-A350-414E-9AE8-816049C08177}.Debug|x86.Build.0 = Debug|Any CPU
		{1C33DC01-A350-414E-9AE8-816049C08177}.Release|Any CPU.ActiveCfg = Release|Any CPU
		{1C33DC01-A350-414E-9AE8-816049C08177}.Release|Any CPU.Build.0 = Release|Any CPU
		{1C33DC01-A350-414E-9AE8-816049C08177}.Release|x64.ActiveCfg = Release|Any CPU
		{1C33DC01-A350-414E-9AE8-816049C08177}.Release|x64.Build.0 = Release|Any CPU
		{1C33DC01-A350-414E-9AE8-816049C08177}.Release|x86.ActiveCfg = Release|Any CPU
		{1C33DC01-A350-414E-9AE8-816049C08177}.Release|x86.Build.0 = Release|Any CPU
		{2EE04709-2F45-4D36-A53F-3CFBE8BC7B0B}.Debug|Any CPU.ActiveCfg = Debug|Any CPU
		{2EE04709-2F45-4D36-A53F-3CFBE8BC7B0B}.Debug|Any CPU.Build.0 = Debug|Any CPU
		{2EE04709-2F45-4D36-A53F-3CFBE8BC7B0B}.Debug|x64.ActiveCfg = Debug|Any CPU
		{2EE04709-2F45-4D36-A53F-3CFBE8BC7B0B}.Debug|x64.Build.0 = Debug|Any CPU
		{2EE04709-2F45-4D36-A53F-3CFBE8BC7B0B}.Debug|x86.ActiveCfg = Debug|Any CPU
		{2EE04709-2F45-4D36-A53F-3CFBE8BC7B0B}.Debug|x86.Build.0 = Debug|Any CPU
		{2EE04709-2F45-4D36-A53F-3CFBE8BC7B0B}.Release|Any CPU.ActiveCfg = Release|Any CPU
		{2EE04709-2F45-4D36-A53F-3CFBE8BC7B0B}.Release|Any CPU.Build.0 = Release|Any CPU
		{2EE04709-2F45-4D36-A53F-3CFBE8BC7B0B}.Release|x64.ActiveCfg = Release|Any CPU
		{2EE04709-2F45-4D36-A53F-3CFBE8BC7B0B}.Release|x64.Build.0 = Release|Any CPU
		{2EE04709-2F45-4D36-A53F-3CFBE8BC7B0B}.Release|x86.ActiveCfg = Release|Any CPU
		{2EE04709-2F45-4D36-A53F-3CFBE8BC7B0B}.Release|x86.Build.0 = Release|Any CPU
		{5825E358-7B96-4F70-8BBD-A6C2D1393D8F}.Debug|Any CPU.ActiveCfg = Debug|Any CPU
		{5825E358-7B96-4F70-8BBD-A6C2D1393D8F}.Debug|Any CPU.Build.0 = Debug|Any CPU
		{5825E358-7B96-4F70-8BBD-A6C2D1393D8F}.Debug|x64.ActiveCfg = Debug|Any CPU
		{5825E358-7B96-4F70-8BBD-A6C2D1393D8F}.Debug|x64.Build.0 = Debug|Any CPU
		{5825E358-7B96-4F70-8BBD-A6C2D1393D8F}.Debug|x86.ActiveCfg = Debug|Any CPU
		{5825E358-7B96-4F70-8BBD-A6C2D1393D8F}.Debug|x86.Build.0 = Debug|Any CPU
		{5825E358-7B96-4F70-8BBD-A6C2D1393D8F}.Release|Any CPU.ActiveCfg = Release|Any CPU
		{5825E358-7B96-4F70-8BBD-A6C2D1393D8F}.Release|Any CPU.Build.0 = Release|Any CPU
		{5825E358-7B96-4F70-8BBD-A6C2D1393D8F}.Release|x64.ActiveCfg = Release|Any CPU
		{5825E358-7B96-4F70-8BBD-A6C2D1393D8F}.Release|x64.Build.0 = Release|Any CPU
		{5825E358-7B96-4F70-8BBD-A6C2D1393D8F}.Release|x86.ActiveCfg = Release|Any CPU
		{5825E358-7B96-4F70-8BBD-A6C2D1393D8F}.Release|x86.Build.0 = Release|Any CPU
		{E433C412-0167-4124-9090-6C46AFB01EA4}.Debug|Any CPU.ActiveCfg = Debug|Any CPU
		{E433C412-0167-4124-9090-6C46AFB01EA4}.Debug|Any CPU.Build.0 = Debug|Any CPU
		{E433C412-0167-4124-9090-6C46AFB01EA4}.Debug|x64.ActiveCfg = Debug|Any CPU
		{E433C412-0167-4124-9090-6C46AFB01EA4}.Debug|x64.Build.0 = Debug|Any CPU
		{E433C412-0167-4124-9090-6C46AFB01EA4}.Debug|x86.ActiveCfg = Debug|Any CPU
		{E433C412-0167-4124-9090-6C46AFB01EA4}.Debug|x86.Build.0 = Debug|Any CPU
		{E433C412-0167-4124-9090-6C46AFB01EA4}.Release|Any CPU.ActiveCfg = Release|Any CPU
		{E433C412-0167-4124-9090-6C46AFB01EA4}.Release|Any CPU.Build.0 = Release|Any CPU
		{E433C412-0167-4124-9090-6C46AFB01EA4}.Release|x64.ActiveCfg = Release|Any CPU
		{E433C412-0167-4124-9090-6C46AFB01EA4}.Release|x64.Build.0 = Release|Any CPU
		{E433C412-0167-4124-9090-6C46AFB01EA4}.Release|x86.ActiveCfg = Release|Any CPU
		{E433C412-0167-4124-9090-6C46AFB01EA4}.Release|x86.Build.0 = Release|Any CPU
		{61CAC767-4108-4D34-8302-AE50AE63636E}.Debug|Any CPU.ActiveCfg = Debug|Any CPU
		{61CAC767-4108-4D34-8302-AE50AE63636E}.Debug|Any CPU.Build.0 = Debug|Any CPU
		{61CAC767-4108-4D34-8302-AE50AE63636E}.Debug|x64.ActiveCfg = Debug|Any CPU
		{61CAC767-4108-4D34-8302-AE50AE63636E}.Debug|x64.Build.0 = Debug|Any CPU
		{61CAC767-4108-4D34-8302-AE50AE63636E}.Debug|x86.ActiveCfg = Debug|Any CPU
		{61CAC767-4108-4D34-8302-AE50AE63636E}.Debug|x86.Build.0 = Debug|Any CPU
		{61CAC767-4108-4D34-8302-AE50AE63636E}.Release|Any CPU.ActiveCfg = Release|Any CPU
		{61CAC767-4108-4D34-8302-AE50AE63636E}.Release|Any CPU.Build.0 = Release|Any CPU
		{61CAC767-4108-4D34-8302-AE50AE63636E}.Release|x64.ActiveCfg = Release|Any CPU
		{61CAC767-4108-4D34-8302-AE50AE63636E}.Release|x64.Build.0 = Release|Any CPU
		{61CAC767-4108-4D34-8302-AE50AE63636E}.Release|x86.ActiveCfg = Release|Any CPU
		{61CAC767-4108-4D34-8302-AE50AE63636E}.Release|x86.Build.0 = Release|Any CPU
		{61F6A3C0-FC15-4273-8382-7A5F64DDF199}.Debug|Any CPU.ActiveCfg = Debug|Any CPU
		{61F6A3C0-FC15-4273-8382-7A5F64DDF199}.Debug|Any CPU.Build.0 = Debug|Any CPU
		{61F6A3C0-FC15-4273-8382-7A5F64DDF199}.Debug|x64.ActiveCfg = Debug|Any CPU
		{61F6A3C0-FC15-4273-8382-7A5F64DDF199}.Debug|x64.Build.0 = Debug|Any CPU
		{61F6A3C0-FC15-4273-8382-7A5F64DDF199}.Debug|x86.ActiveCfg = Debug|Any CPU
		{61F6A3C0-FC15-4273-8382-7A5F64DDF199}.Debug|x86.Build.0 = Debug|Any CPU
		{61F6A3C0-FC15-4273-8382-7A5F64DDF199}.Release|Any CPU.ActiveCfg = Release|Any CPU
		{61F6A3C0-FC15-4273-8382-7A5F64DDF199}.Release|Any CPU.Build.0 = Release|Any CPU
		{61F6A3C0-FC15-4273-8382-7A5F64DDF199}.Release|x64.ActiveCfg = Release|Any CPU
		{61F6A3C0-FC15-4273-8382-7A5F64DDF199}.Release|x64.Build.0 = Release|Any CPU
		{61F6A3C0-FC15-4273-8382-7A5F64DDF199}.Release|x86.ActiveCfg = Release|Any CPU
		{61F6A3C0-FC15-4273-8382-7A5F64DDF199}.Release|x86.Build.0 = Release|Any CPU
		{69F07E99-BFBB-4C14-AAD6-ECB2B66F3CF1}.Debug|Any CPU.ActiveCfg = Debug|Any CPU
		{69F07E99-BFBB-4C14-AAD6-ECB2B66F3CF1}.Debug|Any CPU.Build.0 = Debug|Any CPU
		{69F07E99-BFBB-4C14-AAD6-ECB2B66F3CF1}.Debug|x64.ActiveCfg = Debug|Any CPU
		{69F07E99-BFBB-4C14-AAD6-ECB2B66F3CF1}.Debug|x64.Build.0 = Debug|Any CPU
		{69F07E99-BFBB-4C14-AAD6-ECB2B66F3CF1}.Debug|x86.ActiveCfg = Debug|Any CPU
		{69F07E99-BFBB-4C14-AAD6-ECB2B66F3CF1}.Debug|x86.Build.0 = Debug|Any CPU
		{69F07E99-BFBB-4C14-AAD6-ECB2B66F3CF1}.Release|Any CPU.ActiveCfg = Release|Any CPU
		{69F07E99-BFBB-4C14-AAD6-ECB2B66F3CF1}.Release|Any CPU.Build.0 = Release|Any CPU
		{69F07E99-BFBB-4C14-AAD6-ECB2B66F3CF1}.Release|x64.ActiveCfg = Release|Any CPU
		{69F07E99-BFBB-4C14-AAD6-ECB2B66F3CF1}.Release|x64.Build.0 = Release|Any CPU
		{69F07E99-BFBB-4C14-AAD6-ECB2B66F3CF1}.Release|x86.ActiveCfg = Release|Any CPU
		{69F07E99-BFBB-4C14-AAD6-ECB2B66F3CF1}.Release|x86.Build.0 = Release|Any CPU
		{FA55B40F-EE7A-4755-8FF7-1DA5FDC04E5A}.Debug|Any CPU.ActiveCfg = Debug|Any CPU
		{FA55B40F-EE7A-4755-8FF7-1DA5FDC04E5A}.Debug|Any CPU.Build.0 = Debug|Any CPU
		{FA55B40F-EE7A-4755-8FF7-1DA5FDC04E5A}.Debug|x64.ActiveCfg = Debug|Any CPU
		{FA55B40F-EE7A-4755-8FF7-1DA5FDC04E5A}.Debug|x64.Build.0 = Debug|Any CPU
		{FA55B40F-EE7A-4755-8FF7-1DA5FDC04E5A}.Debug|x86.ActiveCfg = Debug|Any CPU
		{FA55B40F-EE7A-4755-8FF7-1DA5FDC04E5A}.Debug|x86.Build.0 = Debug|Any CPU
		{FA55B40F-EE7A-4755-8FF7-1DA5FDC04E5A}.Release|Any CPU.ActiveCfg = Release|Any CPU
		{FA55B40F-EE7A-4755-8FF7-1DA5FDC04E5A}.Release|Any CPU.Build.0 = Release|Any CPU
		{FA55B40F-EE7A-4755-8FF7-1DA5FDC04E5A}.Release|x64.ActiveCfg = Release|Any CPU
		{FA55B40F-EE7A-4755-8FF7-1DA5FDC04E5A}.Release|x64.Build.0 = Release|Any CPU
		{FA55B40F-EE7A-4755-8FF7-1DA5FDC04E5A}.Release|x86.ActiveCfg = Release|Any CPU
		{FA55B40F-EE7A-4755-8FF7-1DA5FDC04E5A}.Release|x86.Build.0 = Release|Any CPU
		{004C6F3C-4990-4167-91CD-6A3DEFC0326C}.Debug|Any CPU.ActiveCfg = Debug|Any CPU
		{004C6F3C-4990-4167-91CD-6A3DEFC0326C}.Debug|Any CPU.Build.0 = Debug|Any CPU
		{004C6F3C-4990-4167-91CD-6A3DEFC0326C}.Debug|x64.ActiveCfg = Debug|Any CPU
		{004C6F3C-4990-4167-91CD-6A3DEFC0326C}.Debug|x64.Build.0 = Debug|Any CPU
		{004C6F3C-4990-4167-91CD-6A3DEFC0326C}.Debug|x86.ActiveCfg = Debug|Any CPU
		{004C6F3C-4990-4167-91CD-6A3DEFC0326C}.Debug|x86.Build.0 = Debug|Any CPU
		{004C6F3C-4990-4167-91CD-6A3DEFC0326C}.Release|Any CPU.ActiveCfg = Release|Any CPU
		{004C6F3C-4990-4167-91CD-6A3DEFC0326C}.Release|Any CPU.Build.0 = Release|Any CPU
		{004C6F3C-4990-4167-91CD-6A3DEFC0326C}.Release|x64.ActiveCfg = Release|Any CPU
		{004C6F3C-4990-4167-91CD-6A3DEFC0326C}.Release|x64.Build.0 = Release|Any CPU
		{004C6F3C-4990-4167-91CD-6A3DEFC0326C}.Release|x86.ActiveCfg = Release|Any CPU
		{004C6F3C-4990-4167-91CD-6A3DEFC0326C}.Release|x86.Build.0 = Release|Any CPU
		{649F8A64-ED97-4785-BF21-6E7523D3C7BB}.Debug|Any CPU.ActiveCfg = Debug|Any CPU
		{649F8A64-ED97-4785-BF21-6E7523D3C7BB}.Debug|Any CPU.Build.0 = Debug|Any CPU
		{649F8A64-ED97-4785-BF21-6E7523D3C7BB}.Debug|x64.ActiveCfg = Debug|Any CPU
		{649F8A64-ED97-4785-BF21-6E7523D3C7BB}.Debug|x64.Build.0 = Debug|Any CPU
		{649F8A64-ED97-4785-BF21-6E7523D3C7BB}.Debug|x86.ActiveCfg = Debug|Any CPU
		{649F8A64-ED97-4785-BF21-6E7523D3C7BB}.Debug|x86.Build.0 = Debug|Any CPU
		{649F8A64-ED97-4785-BF21-6E7523D3C7BB}.Release|Any CPU.ActiveCfg = Release|Any CPU
		{649F8A64-ED97-4785-BF21-6E7523D3C7BB}.Release|Any CPU.Build.0 = Release|Any CPU
		{649F8A64-ED97-4785-BF21-6E7523D3C7BB}.Release|x64.ActiveCfg = Release|Any CPU
		{649F8A64-ED97-4785-BF21-6E7523D3C7BB}.Release|x64.Build.0 = Release|Any CPU
		{649F8A64-ED97-4785-BF21-6E7523D3C7BB}.Release|x86.ActiveCfg = Release|Any CPU
		{649F8A64-ED97-4785-BF21-6E7523D3C7BB}.Release|x86.Build.0 = Release|Any CPU
		{E4A32FB6-1B37-41A9-9F52-A9FB7FEE25D1}.Debug|Any CPU.ActiveCfg = Debug|Any CPU
		{E4A32FB6-1B37-41A9-9F52-A9FB7FEE25D1}.Debug|Any CPU.Build.0 = Debug|Any CPU
		{E4A32FB6-1B37-41A9-9F52-A9FB7FEE25D1}.Debug|x64.ActiveCfg = Debug|Any CPU
		{E4A32FB6-1B37-41A9-9F52-A9FB7FEE25D1}.Debug|x64.Build.0 = Debug|Any CPU
		{E4A32FB6-1B37-41A9-9F52-A9FB7FEE25D1}.Debug|x86.ActiveCfg = Debug|Any CPU
		{E4A32FB6-1B37-41A9-9F52-A9FB7FEE25D1}.Debug|x86.Build.0 = Debug|Any CPU
		{E4A32FB6-1B37-41A9-9F52-A9FB7FEE25D1}.Release|Any CPU.ActiveCfg = Release|Any CPU
		{E4A32FB6-1B37-41A9-9F52-A9FB7FEE25D1}.Release|Any CPU.Build.0 = Release|Any CPU
		{E4A32FB6-1B37-41A9-9F52-A9FB7FEE25D1}.Release|x64.ActiveCfg = Release|Any CPU
		{E4A32FB6-1B37-41A9-9F52-A9FB7FEE25D1}.Release|x64.Build.0 = Release|Any CPU
		{E4A32FB6-1B37-41A9-9F52-A9FB7FEE25D1}.Release|x86.ActiveCfg = Release|Any CPU
		{E4A32FB6-1B37-41A9-9F52-A9FB7FEE25D1}.Release|x86.Build.0 = Release|Any CPU
		{E445F12F-6BBE-4363-B1AF-1E786D800749}.Debug|Any CPU.ActiveCfg = Debug|Any CPU
		{E445F12F-6BBE-4363-B1AF-1E786D800749}.Debug|Any CPU.Build.0 = Debug|Any CPU
		{E445F12F-6BBE-4363-B1AF-1E786D800749}.Debug|x64.ActiveCfg = Debug|Any CPU
		{E445F12F-6BBE-4363-B1AF-1E786D800749}.Debug|x64.Build.0 = Debug|Any CPU
		{E445F12F-6BBE-4363-B1AF-1E786D800749}.Debug|x86.ActiveCfg = Debug|Any CPU
		{E445F12F-6BBE-4363-B1AF-1E786D800749}.Debug|x86.Build.0 = Debug|Any CPU
		{E445F12F-6BBE-4363-B1AF-1E786D800749}.Release|Any CPU.ActiveCfg = Release|Any CPU
		{E445F12F-6BBE-4363-B1AF-1E786D800749}.Release|Any CPU.Build.0 = Release|Any CPU
		{E445F12F-6BBE-4363-B1AF-1E786D800749}.Release|x64.ActiveCfg = Release|Any CPU
		{E445F12F-6BBE-4363-B1AF-1E786D800749}.Release|x64.Build.0 = Release|Any CPU
		{E445F12F-6BBE-4363-B1AF-1E786D800749}.Release|x86.ActiveCfg = Release|Any CPU
		{E445F12F-6BBE-4363-B1AF-1E786D800749}.Release|x86.Build.0 = Release|Any CPU
		{14986474-177B-4751-A29D-166C4679AFC4}.Debug|Any CPU.ActiveCfg = Debug|Any CPU
		{14986474-177B-4751-A29D-166C4679AFC4}.Debug|Any CPU.Build.0 = Debug|Any CPU
		{14986474-177B-4751-A29D-166C4679AFC4}.Debug|x64.ActiveCfg = Debug|Any CPU
		{14986474-177B-4751-A29D-166C4679AFC4}.Debug|x64.Build.0 = Debug|Any CPU
		{14986474-177B-4751-A29D-166C4679AFC4}.Debug|x86.ActiveCfg = Debug|Any CPU
		{14986474-177B-4751-A29D-166C4679AFC4}.Debug|x86.Build.0 = Debug|Any CPU
		{14986474-177B-4751-A29D-166C4679AFC4}.Release|Any CPU.ActiveCfg = Release|Any CPU
		{14986474-177B-4751-A29D-166C4679AFC4}.Release|Any CPU.Build.0 = Release|Any CPU
		{14986474-177B-4751-A29D-166C4679AFC4}.Release|x64.ActiveCfg = Release|Any CPU
		{14986474-177B-4751-A29D-166C4679AFC4}.Release|x64.Build.0 = Release|Any CPU
		{14986474-177B-4751-A29D-166C4679AFC4}.Release|x86.ActiveCfg = Release|Any CPU
		{14986474-177B-4751-A29D-166C4679AFC4}.Release|x86.Build.0 = Release|Any CPU
		{99217222-F5D4-4859-A09E-DC22905D9A77}.Debug|Any CPU.ActiveCfg = Debug|Any CPU
		{99217222-F5D4-4859-A09E-DC22905D9A77}.Debug|Any CPU.Build.0 = Debug|Any CPU
		{99217222-F5D4-4859-A09E-DC22905D9A77}.Debug|x64.ActiveCfg = Debug|Any CPU
		{99217222-F5D4-4859-A09E-DC22905D9A77}.Debug|x64.Build.0 = Debug|Any CPU
		{99217222-F5D4-4859-A09E-DC22905D9A77}.Debug|x86.ActiveCfg = Debug|Any CPU
		{99217222-F5D4-4859-A09E-DC22905D9A77}.Debug|x86.Build.0 = Debug|Any CPU
		{99217222-F5D4-4859-A09E-DC22905D9A77}.Release|Any CPU.ActiveCfg = Release|Any CPU
		{99217222-F5D4-4859-A09E-DC22905D9A77}.Release|Any CPU.Build.0 = Release|Any CPU
		{99217222-F5D4-4859-A09E-DC22905D9A77}.Release|x64.ActiveCfg = Release|Any CPU
		{99217222-F5D4-4859-A09E-DC22905D9A77}.Release|x64.Build.0 = Release|Any CPU
		{99217222-F5D4-4859-A09E-DC22905D9A77}.Release|x86.ActiveCfg = Release|Any CPU
		{99217222-F5D4-4859-A09E-DC22905D9A77}.Release|x86.Build.0 = Release|Any CPU
		{8B6C4ED4-E5E4-4376-A116-778C4A81D324}.Debug|Any CPU.ActiveCfg = Debug|Any CPU
		{8B6C4ED4-E5E4-4376-A116-778C4A81D324}.Debug|Any CPU.Build.0 = Debug|Any CPU
		{8B6C4ED4-E5E4-4376-A116-778C4A81D324}.Debug|x64.ActiveCfg = Debug|Any CPU
		{8B6C4ED4-E5E4-4376-A116-778C4A81D324}.Debug|x64.Build.0 = Debug|Any CPU
		{8B6C4ED4-E5E4-4376-A116-778C4A81D324}.Debug|x86.ActiveCfg = Debug|Any CPU
		{8B6C4ED4-E5E4-4376-A116-778C4A81D324}.Debug|x86.Build.0 = Debug|Any CPU
		{8B6C4ED4-E5E4-4376-A116-778C4A81D324}.Release|Any CPU.ActiveCfg = Release|Any CPU
		{8B6C4ED4-E5E4-4376-A116-778C4A81D324}.Release|Any CPU.Build.0 = Release|Any CPU
		{8B6C4ED4-E5E4-4376-A116-778C4A81D324}.Release|x64.ActiveCfg = Release|Any CPU
		{8B6C4ED4-E5E4-4376-A116-778C4A81D324}.Release|x64.Build.0 = Release|Any CPU
		{8B6C4ED4-E5E4-4376-A116-778C4A81D324}.Release|x86.ActiveCfg = Release|Any CPU
		{8B6C4ED4-E5E4-4376-A116-778C4A81D324}.Release|x86.Build.0 = Release|Any CPU
		{9AAF2131-4BBC-4553-BAA0-BC5799710AF6}.Debug|Any CPU.ActiveCfg = Debug|Any CPU
		{9AAF2131-4BBC-4553-BAA0-BC5799710AF6}.Debug|Any CPU.Build.0 = Debug|Any CPU
		{9AAF2131-4BBC-4553-BAA0-BC5799710AF6}.Debug|x64.ActiveCfg = Debug|Any CPU
		{9AAF2131-4BBC-4553-BAA0-BC5799710AF6}.Debug|x64.Build.0 = Debug|Any CPU
		{9AAF2131-4BBC-4553-BAA0-BC5799710AF6}.Debug|x86.ActiveCfg = Debug|Any CPU
		{9AAF2131-4BBC-4553-BAA0-BC5799710AF6}.Debug|x86.Build.0 = Debug|Any CPU
		{9AAF2131-4BBC-4553-BAA0-BC5799710AF6}.Release|Any CPU.ActiveCfg = Release|Any CPU
		{9AAF2131-4BBC-4553-BAA0-BC5799710AF6}.Release|Any CPU.Build.0 = Release|Any CPU
		{9AAF2131-4BBC-4553-BAA0-BC5799710AF6}.Release|x64.ActiveCfg = Release|Any CPU
		{9AAF2131-4BBC-4553-BAA0-BC5799710AF6}.Release|x64.Build.0 = Release|Any CPU
		{9AAF2131-4BBC-4553-BAA0-BC5799710AF6}.Release|x86.ActiveCfg = Release|Any CPU
		{9AAF2131-4BBC-4553-BAA0-BC5799710AF6}.Release|x86.Build.0 = Release|Any CPU
		{FF18AF92-C059-4D2E-9B6F-53E52CF2E81F}.Debug|Any CPU.ActiveCfg = Debug|Any CPU
		{FF18AF92-C059-4D2E-9B6F-53E52CF2E81F}.Debug|Any CPU.Build.0 = Debug|Any CPU
		{FF18AF92-C059-4D2E-9B6F-53E52CF2E81F}.Debug|x64.ActiveCfg = Debug|Any CPU
		{FF18AF92-C059-4D2E-9B6F-53E52CF2E81F}.Debug|x64.Build.0 = Debug|Any CPU
		{FF18AF92-C059-4D2E-9B6F-53E52CF2E81F}.Debug|x86.ActiveCfg = Debug|Any CPU
		{FF18AF92-C059-4D2E-9B6F-53E52CF2E81F}.Debug|x86.Build.0 = Debug|Any CPU
		{FF18AF92-C059-4D2E-9B6F-53E52CF2E81F}.Release|Any CPU.ActiveCfg = Release|Any CPU
		{FF18AF92-C059-4D2E-9B6F-53E52CF2E81F}.Release|Any CPU.Build.0 = Release|Any CPU
		{FF18AF92-C059-4D2E-9B6F-53E52CF2E81F}.Release|x64.ActiveCfg = Release|Any CPU
		{FF18AF92-C059-4D2E-9B6F-53E52CF2E81F}.Release|x64.Build.0 = Release|Any CPU
		{FF18AF92-C059-4D2E-9B6F-53E52CF2E81F}.Release|x86.ActiveCfg = Release|Any CPU
		{FF18AF92-C059-4D2E-9B6F-53E52CF2E81F}.Release|x86.Build.0 = Release|Any CPU
		{5C41DA86-23F5-48CE-B596-1CE39E7558F9}.Debug|Any CPU.ActiveCfg = Debug|Any CPU
		{5C41DA86-23F5-48CE-B596-1CE39E7558F9}.Debug|Any CPU.Build.0 = Debug|Any CPU
		{5C41DA86-23F5-48CE-B596-1CE39E7558F9}.Debug|x64.ActiveCfg = Debug|Any CPU
		{5C41DA86-23F5-48CE-B596-1CE39E7558F9}.Debug|x64.Build.0 = Debug|Any CPU
		{5C41DA86-23F5-48CE-B596-1CE39E7558F9}.Debug|x86.ActiveCfg = Debug|Any CPU
		{5C41DA86-23F5-48CE-B596-1CE39E7558F9}.Debug|x86.Build.0 = Debug|Any CPU
		{5C41DA86-23F5-48CE-B596-1CE39E7558F9}.Release|Any CPU.ActiveCfg = Release|Any CPU
		{5C41DA86-23F5-48CE-B596-1CE39E7558F9}.Release|Any CPU.Build.0 = Release|Any CPU
		{5C41DA86-23F5-48CE-B596-1CE39E7558F9}.Release|x64.ActiveCfg = Release|Any CPU
		{5C41DA86-23F5-48CE-B596-1CE39E7558F9}.Release|x64.Build.0 = Release|Any CPU
		{5C41DA86-23F5-48CE-B596-1CE39E7558F9}.Release|x86.ActiveCfg = Release|Any CPU
		{5C41DA86-23F5-48CE-B596-1CE39E7558F9}.Release|x86.Build.0 = Release|Any CPU
		{0F54D442-12BA-4D32-93C5-19CAC08F0D63}.Debug|Any CPU.ActiveCfg = Debug|Any CPU
		{0F54D442-12BA-4D32-93C5-19CAC08F0D63}.Debug|Any CPU.Build.0 = Debug|Any CPU
		{0F54D442-12BA-4D32-93C5-19CAC08F0D63}.Debug|x64.ActiveCfg = Debug|Any CPU
		{0F54D442-12BA-4D32-93C5-19CAC08F0D63}.Debug|x64.Build.0 = Debug|Any CPU
		{0F54D442-12BA-4D32-93C5-19CAC08F0D63}.Debug|x86.ActiveCfg = Debug|Any CPU
		{0F54D442-12BA-4D32-93C5-19CAC08F0D63}.Debug|x86.Build.0 = Debug|Any CPU
		{0F54D442-12BA-4D32-93C5-19CAC08F0D63}.Release|Any CPU.ActiveCfg = Release|Any CPU
		{0F54D442-12BA-4D32-93C5-19CAC08F0D63}.Release|Any CPU.Build.0 = Release|Any CPU
		{0F54D442-12BA-4D32-93C5-19CAC08F0D63}.Release|x64.ActiveCfg = Release|Any CPU
		{0F54D442-12BA-4D32-93C5-19CAC08F0D63}.Release|x64.Build.0 = Release|Any CPU
		{0F54D442-12BA-4D32-93C5-19CAC08F0D63}.Release|x86.ActiveCfg = Release|Any CPU
		{0F54D442-12BA-4D32-93C5-19CAC08F0D63}.Release|x86.Build.0 = Release|Any CPU
		{1008D594-DC0A-4116-802A-ADFDA046DD94}.Debug|Any CPU.ActiveCfg = Debug|Any CPU
		{1008D594-DC0A-4116-802A-ADFDA046DD94}.Debug|Any CPU.Build.0 = Debug|Any CPU
		{1008D594-DC0A-4116-802A-ADFDA046DD94}.Debug|x64.ActiveCfg = Debug|Any CPU
		{1008D594-DC0A-4116-802A-ADFDA046DD94}.Debug|x64.Build.0 = Debug|Any CPU
		{1008D594-DC0A-4116-802A-ADFDA046DD94}.Debug|x86.ActiveCfg = Debug|Any CPU
		{1008D594-DC0A-4116-802A-ADFDA046DD94}.Debug|x86.Build.0 = Debug|Any CPU
		{1008D594-DC0A-4116-802A-ADFDA046DD94}.Release|Any CPU.ActiveCfg = Release|Any CPU
		{1008D594-DC0A-4116-802A-ADFDA046DD94}.Release|Any CPU.Build.0 = Release|Any CPU
		{1008D594-DC0A-4116-802A-ADFDA046DD94}.Release|x64.ActiveCfg = Release|Any CPU
		{1008D594-DC0A-4116-802A-ADFDA046DD94}.Release|x64.Build.0 = Release|Any CPU
		{1008D594-DC0A-4116-802A-ADFDA046DD94}.Release|x86.ActiveCfg = Release|Any CPU
		{1008D594-DC0A-4116-802A-ADFDA046DD94}.Release|x86.Build.0 = Release|Any CPU
		{C58666EA-4B7C-4800-AC06-326174BE5F1D}.Debug|Any CPU.ActiveCfg = Debug|Any CPU
		{C58666EA-4B7C-4800-AC06-326174BE5F1D}.Debug|Any CPU.Build.0 = Debug|Any CPU
		{C58666EA-4B7C-4800-AC06-326174BE5F1D}.Debug|x64.ActiveCfg = Debug|Any CPU
		{C58666EA-4B7C-4800-AC06-326174BE5F1D}.Debug|x64.Build.0 = Debug|Any CPU
		{C58666EA-4B7C-4800-AC06-326174BE5F1D}.Debug|x86.ActiveCfg = Debug|Any CPU
		{C58666EA-4B7C-4800-AC06-326174BE5F1D}.Debug|x86.Build.0 = Debug|Any CPU
		{C58666EA-4B7C-4800-AC06-326174BE5F1D}.Release|Any CPU.ActiveCfg = Release|Any CPU
		{C58666EA-4B7C-4800-AC06-326174BE5F1D}.Release|Any CPU.Build.0 = Release|Any CPU
		{C58666EA-4B7C-4800-AC06-326174BE5F1D}.Release|x64.ActiveCfg = Release|Any CPU
		{C58666EA-4B7C-4800-AC06-326174BE5F1D}.Release|x64.Build.0 = Release|Any CPU
		{C58666EA-4B7C-4800-AC06-326174BE5F1D}.Release|x86.ActiveCfg = Release|Any CPU
		{C58666EA-4B7C-4800-AC06-326174BE5F1D}.Release|x86.Build.0 = Release|Any CPU
		{6840CABA-DF90-463A-81CE-77BC329D55F2}.Debug|Any CPU.ActiveCfg = Debug|Any CPU
		{6840CABA-DF90-463A-81CE-77BC329D55F2}.Debug|Any CPU.Build.0 = Debug|Any CPU
		{6840CABA-DF90-463A-81CE-77BC329D55F2}.Debug|x64.ActiveCfg = Debug|Any CPU
		{6840CABA-DF90-463A-81CE-77BC329D55F2}.Debug|x64.Build.0 = Debug|Any CPU
		{6840CABA-DF90-463A-81CE-77BC329D55F2}.Debug|x86.ActiveCfg = Debug|Any CPU
		{6840CABA-DF90-463A-81CE-77BC329D55F2}.Debug|x86.Build.0 = Debug|Any CPU
		{6840CABA-DF90-463A-81CE-77BC329D55F2}.Release|Any CPU.ActiveCfg = Release|Any CPU
		{6840CABA-DF90-463A-81CE-77BC329D55F2}.Release|Any CPU.Build.0 = Release|Any CPU
		{6840CABA-DF90-463A-81CE-77BC329D55F2}.Release|x64.ActiveCfg = Release|Any CPU
		{6840CABA-DF90-463A-81CE-77BC329D55F2}.Release|x64.Build.0 = Release|Any CPU
		{6840CABA-DF90-463A-81CE-77BC329D55F2}.Release|x86.ActiveCfg = Release|Any CPU
		{6840CABA-DF90-463A-81CE-77BC329D55F2}.Release|x86.Build.0 = Release|Any CPU
		{94E7DC53-2194-4AAC-98E7-4FE108E86D8A}.Debug|Any CPU.ActiveCfg = Debug|Any CPU
		{94E7DC53-2194-4AAC-98E7-4FE108E86D8A}.Debug|Any CPU.Build.0 = Debug|Any CPU
		{94E7DC53-2194-4AAC-98E7-4FE108E86D8A}.Debug|x64.ActiveCfg = Debug|Any CPU
		{94E7DC53-2194-4AAC-98E7-4FE108E86D8A}.Debug|x64.Build.0 = Debug|Any CPU
		{94E7DC53-2194-4AAC-98E7-4FE108E86D8A}.Debug|x86.ActiveCfg = Debug|Any CPU
		{94E7DC53-2194-4AAC-98E7-4FE108E86D8A}.Debug|x86.Build.0 = Debug|Any CPU
		{94E7DC53-2194-4AAC-98E7-4FE108E86D8A}.Release|Any CPU.ActiveCfg = Release|Any CPU
		{94E7DC53-2194-4AAC-98E7-4FE108E86D8A}.Release|Any CPU.Build.0 = Release|Any CPU
		{94E7DC53-2194-4AAC-98E7-4FE108E86D8A}.Release|x64.ActiveCfg = Release|Any CPU
		{94E7DC53-2194-4AAC-98E7-4FE108E86D8A}.Release|x64.Build.0 = Release|Any CPU
		{94E7DC53-2194-4AAC-98E7-4FE108E86D8A}.Release|x86.ActiveCfg = Release|Any CPU
		{94E7DC53-2194-4AAC-98E7-4FE108E86D8A}.Release|x86.Build.0 = Release|Any CPU
		{8935789F-955D-4777-8459-C3AE5EB60CE0}.Debug|Any CPU.ActiveCfg = Debug|Any CPU
		{8935789F-955D-4777-8459-C3AE5EB60CE0}.Debug|Any CPU.Build.0 = Debug|Any CPU
		{8935789F-955D-4777-8459-C3AE5EB60CE0}.Debug|x64.ActiveCfg = Debug|Any CPU
		{8935789F-955D-4777-8459-C3AE5EB60CE0}.Debug|x64.Build.0 = Debug|Any CPU
		{8935789F-955D-4777-8459-C3AE5EB60CE0}.Debug|x86.ActiveCfg = Debug|Any CPU
		{8935789F-955D-4777-8459-C3AE5EB60CE0}.Debug|x86.Build.0 = Debug|Any CPU
		{8935789F-955D-4777-8459-C3AE5EB60CE0}.Release|Any CPU.ActiveCfg = Release|Any CPU
		{8935789F-955D-4777-8459-C3AE5EB60CE0}.Release|Any CPU.Build.0 = Release|Any CPU
		{8935789F-955D-4777-8459-C3AE5EB60CE0}.Release|x64.ActiveCfg = Release|Any CPU
		{8935789F-955D-4777-8459-C3AE5EB60CE0}.Release|x64.Build.0 = Release|Any CPU
		{8935789F-955D-4777-8459-C3AE5EB60CE0}.Release|x86.ActiveCfg = Release|Any CPU
		{8935789F-955D-4777-8459-C3AE5EB60CE0}.Release|x86.Build.0 = Release|Any CPU
		{8D78636E-3955-42A5-BC82-8D588C5F05EB}.Debug|Any CPU.ActiveCfg = Debug|Any CPU
		{8D78636E-3955-42A5-BC82-8D588C5F05EB}.Debug|Any CPU.Build.0 = Debug|Any CPU
		{8D78636E-3955-42A5-BC82-8D588C5F05EB}.Debug|x64.ActiveCfg = Debug|Any CPU
		{8D78636E-3955-42A5-BC82-8D588C5F05EB}.Debug|x64.Build.0 = Debug|Any CPU
		{8D78636E-3955-42A5-BC82-8D588C5F05EB}.Debug|x86.ActiveCfg = Debug|Any CPU
		{8D78636E-3955-42A5-BC82-8D588C5F05EB}.Debug|x86.Build.0 = Debug|Any CPU
		{8D78636E-3955-42A5-BC82-8D588C5F05EB}.Release|Any CPU.ActiveCfg = Release|Any CPU
		{8D78636E-3955-42A5-BC82-8D588C5F05EB}.Release|Any CPU.Build.0 = Release|Any CPU
		{8D78636E-3955-42A5-BC82-8D588C5F05EB}.Release|x64.ActiveCfg = Release|Any CPU
		{8D78636E-3955-42A5-BC82-8D588C5F05EB}.Release|x64.Build.0 = Release|Any CPU
		{8D78636E-3955-42A5-BC82-8D588C5F05EB}.Release|x86.ActiveCfg = Release|Any CPU
		{8D78636E-3955-42A5-BC82-8D588C5F05EB}.Release|x86.Build.0 = Release|Any CPU
		{D18FCA7C-BFEC-4639-8D9E-22A5C0FF53C0}.Debug|Any CPU.ActiveCfg = Debug|Any CPU
		{D18FCA7C-BFEC-4639-8D9E-22A5C0FF53C0}.Debug|Any CPU.Build.0 = Debug|Any CPU
		{D18FCA7C-BFEC-4639-8D9E-22A5C0FF53C0}.Debug|x64.ActiveCfg = Debug|Any CPU
		{D18FCA7C-BFEC-4639-8D9E-22A5C0FF53C0}.Debug|x64.Build.0 = Debug|Any CPU
		{D18FCA7C-BFEC-4639-8D9E-22A5C0FF53C0}.Debug|x86.ActiveCfg = Debug|Any CPU
		{D18FCA7C-BFEC-4639-8D9E-22A5C0FF53C0}.Debug|x86.Build.0 = Debug|Any CPU
		{D18FCA7C-BFEC-4639-8D9E-22A5C0FF53C0}.Release|Any CPU.ActiveCfg = Release|Any CPU
		{D18FCA7C-BFEC-4639-8D9E-22A5C0FF53C0}.Release|Any CPU.Build.0 = Release|Any CPU
		{D18FCA7C-BFEC-4639-8D9E-22A5C0FF53C0}.Release|x64.ActiveCfg = Release|Any CPU
		{D18FCA7C-BFEC-4639-8D9E-22A5C0FF53C0}.Release|x64.Build.0 = Release|Any CPU
		{D18FCA7C-BFEC-4639-8D9E-22A5C0FF53C0}.Release|x86.ActiveCfg = Release|Any CPU
		{D18FCA7C-BFEC-4639-8D9E-22A5C0FF53C0}.Release|x86.Build.0 = Release|Any CPU
		{34678B29-7CD2-49C2-B894-902B305DBF2C}.Debug|Any CPU.ActiveCfg = Debug|Any CPU
		{34678B29-7CD2-49C2-B894-902B305DBF2C}.Debug|Any CPU.Build.0 = Debug|Any CPU
		{34678B29-7CD2-49C2-B894-902B305DBF2C}.Debug|x64.ActiveCfg = Debug|Any CPU
		{34678B29-7CD2-49C2-B894-902B305DBF2C}.Debug|x64.Build.0 = Debug|Any CPU
		{34678B29-7CD2-49C2-B894-902B305DBF2C}.Debug|x86.ActiveCfg = Debug|Any CPU
		{34678B29-7CD2-49C2-B894-902B305DBF2C}.Debug|x86.Build.0 = Debug|Any CPU
		{34678B29-7CD2-49C2-B894-902B305DBF2C}.Release|Any CPU.ActiveCfg = Release|Any CPU
		{34678B29-7CD2-49C2-B894-902B305DBF2C}.Release|Any CPU.Build.0 = Release|Any CPU
		{34678B29-7CD2-49C2-B894-902B305DBF2C}.Release|x64.ActiveCfg = Release|Any CPU
		{34678B29-7CD2-49C2-B894-902B305DBF2C}.Release|x64.Build.0 = Release|Any CPU
		{34678B29-7CD2-49C2-B894-902B305DBF2C}.Release|x86.ActiveCfg = Release|Any CPU
		{34678B29-7CD2-49C2-B894-902B305DBF2C}.Release|x86.Build.0 = Release|Any CPU
		{7373CB34-BA32-41E0-A394-CB9BF1EA157F}.Debug|Any CPU.ActiveCfg = Debug|Any CPU
		{7373CB34-BA32-41E0-A394-CB9BF1EA157F}.Debug|Any CPU.Build.0 = Debug|Any CPU
		{7373CB34-BA32-41E0-A394-CB9BF1EA157F}.Debug|x64.ActiveCfg = Debug|Any CPU
		{7373CB34-BA32-41E0-A394-CB9BF1EA157F}.Debug|x64.Build.0 = Debug|Any CPU
		{7373CB34-BA32-41E0-A394-CB9BF1EA157F}.Debug|x86.ActiveCfg = Debug|Any CPU
		{7373CB34-BA32-41E0-A394-CB9BF1EA157F}.Debug|x86.Build.0 = Debug|Any CPU
		{7373CB34-BA32-41E0-A394-CB9BF1EA157F}.Release|Any CPU.ActiveCfg = Release|Any CPU
		{7373CB34-BA32-41E0-A394-CB9BF1EA157F}.Release|Any CPU.Build.0 = Release|Any CPU
		{7373CB34-BA32-41E0-A394-CB9BF1EA157F}.Release|x64.ActiveCfg = Release|Any CPU
		{7373CB34-BA32-41E0-A394-CB9BF1EA157F}.Release|x64.Build.0 = Release|Any CPU
		{7373CB34-BA32-41E0-A394-CB9BF1EA157F}.Release|x86.ActiveCfg = Release|Any CPU
		{7373CB34-BA32-41E0-A394-CB9BF1EA157F}.Release|x86.Build.0 = Release|Any CPU
		{8878AD87-839A-45D5-82B7-C5611613EA08}.Debug|Any CPU.ActiveCfg = Debug|Any CPU
		{8878AD87-839A-45D5-82B7-C5611613EA08}.Debug|Any CPU.Build.0 = Debug|Any CPU
		{8878AD87-839A-45D5-82B7-C5611613EA08}.Debug|x64.ActiveCfg = Debug|Any CPU
		{8878AD87-839A-45D5-82B7-C5611613EA08}.Debug|x64.Build.0 = Debug|Any CPU
		{8878AD87-839A-45D5-82B7-C5611613EA08}.Debug|x86.ActiveCfg = Debug|Any CPU
		{8878AD87-839A-45D5-82B7-C5611613EA08}.Debug|x86.Build.0 = Debug|Any CPU
		{8878AD87-839A-45D5-82B7-C5611613EA08}.Release|Any CPU.ActiveCfg = Release|Any CPU
		{8878AD87-839A-45D5-82B7-C5611613EA08}.Release|Any CPU.Build.0 = Release|Any CPU
		{8878AD87-839A-45D5-82B7-C5611613EA08}.Release|x64.ActiveCfg = Release|Any CPU
		{8878AD87-839A-45D5-82B7-C5611613EA08}.Release|x64.Build.0 = Release|Any CPU
		{8878AD87-839A-45D5-82B7-C5611613EA08}.Release|x86.ActiveCfg = Release|Any CPU
		{8878AD87-839A-45D5-82B7-C5611613EA08}.Release|x86.Build.0 = Release|Any CPU
		{CABEB1E2-3C2F-405D-B5EC-A5AC810EF65A}.Debug|Any CPU.ActiveCfg = Debug|Any CPU
		{CABEB1E2-3C2F-405D-B5EC-A5AC810EF65A}.Debug|Any CPU.Build.0 = Debug|Any CPU
		{CABEB1E2-3C2F-405D-B5EC-A5AC810EF65A}.Debug|x64.ActiveCfg = Debug|Any CPU
		{CABEB1E2-3C2F-405D-B5EC-A5AC810EF65A}.Debug|x64.Build.0 = Debug|Any CPU
		{CABEB1E2-3C2F-405D-B5EC-A5AC810EF65A}.Debug|x86.ActiveCfg = Debug|Any CPU
		{CABEB1E2-3C2F-405D-B5EC-A5AC810EF65A}.Debug|x86.Build.0 = Debug|Any CPU
		{CABEB1E2-3C2F-405D-B5EC-A5AC810EF65A}.Release|Any CPU.ActiveCfg = Release|Any CPU
		{CABEB1E2-3C2F-405D-B5EC-A5AC810EF65A}.Release|Any CPU.Build.0 = Release|Any CPU
		{CABEB1E2-3C2F-405D-B5EC-A5AC810EF65A}.Release|x64.ActiveCfg = Release|Any CPU
		{CABEB1E2-3C2F-405D-B5EC-A5AC810EF65A}.Release|x64.Build.0 = Release|Any CPU
		{CABEB1E2-3C2F-405D-B5EC-A5AC810EF65A}.Release|x86.ActiveCfg = Release|Any CPU
		{CABEB1E2-3C2F-405D-B5EC-A5AC810EF65A}.Release|x86.Build.0 = Release|Any CPU
		{D75ABA44-72B3-41F0-84A1-52505A3208EC}.Debug|Any CPU.ActiveCfg = Debug|Any CPU
		{D75ABA44-72B3-41F0-84A1-52505A3208EC}.Debug|Any CPU.Build.0 = Debug|Any CPU
		{D75ABA44-72B3-41F0-84A1-52505A3208EC}.Debug|x64.ActiveCfg = Debug|Any CPU
		{D75ABA44-72B3-41F0-84A1-52505A3208EC}.Debug|x64.Build.0 = Debug|Any CPU
		{D75ABA44-72B3-41F0-84A1-52505A3208EC}.Debug|x86.ActiveCfg = Debug|Any CPU
		{D75ABA44-72B3-41F0-84A1-52505A3208EC}.Debug|x86.Build.0 = Debug|Any CPU
		{D75ABA44-72B3-41F0-84A1-52505A3208EC}.Release|Any CPU.ActiveCfg = Release|Any CPU
		{D75ABA44-72B3-41F0-84A1-52505A3208EC}.Release|Any CPU.Build.0 = Release|Any CPU
		{D75ABA44-72B3-41F0-84A1-52505A3208EC}.Release|x64.ActiveCfg = Release|Any CPU
		{D75ABA44-72B3-41F0-84A1-52505A3208EC}.Release|x64.Build.0 = Release|Any CPU
		{D75ABA44-72B3-41F0-84A1-52505A3208EC}.Release|x86.ActiveCfg = Release|Any CPU
		{D75ABA44-72B3-41F0-84A1-52505A3208EC}.Release|x86.Build.0 = Release|Any CPU
		{2251144E-6A54-4EBD-8E60-C3CD738A1AE5}.Debug|Any CPU.ActiveCfg = Debug|Any CPU
		{2251144E-6A54-4EBD-8E60-C3CD738A1AE5}.Debug|Any CPU.Build.0 = Debug|Any CPU
		{2251144E-6A54-4EBD-8E60-C3CD738A1AE5}.Debug|x64.ActiveCfg = Debug|Any CPU
		{2251144E-6A54-4EBD-8E60-C3CD738A1AE5}.Debug|x64.Build.0 = Debug|Any CPU
		{2251144E-6A54-4EBD-8E60-C3CD738A1AE5}.Debug|x86.ActiveCfg = Debug|Any CPU
		{2251144E-6A54-4EBD-8E60-C3CD738A1AE5}.Debug|x86.Build.0 = Debug|Any CPU
		{2251144E-6A54-4EBD-8E60-C3CD738A1AE5}.Release|Any CPU.ActiveCfg = Release|Any CPU
		{2251144E-6A54-4EBD-8E60-C3CD738A1AE5}.Release|Any CPU.Build.0 = Release|Any CPU
		{2251144E-6A54-4EBD-8E60-C3CD738A1AE5}.Release|x64.ActiveCfg = Release|Any CPU
		{2251144E-6A54-4EBD-8E60-C3CD738A1AE5}.Release|x64.Build.0 = Release|Any CPU
		{2251144E-6A54-4EBD-8E60-C3CD738A1AE5}.Release|x86.ActiveCfg = Release|Any CPU
		{2251144E-6A54-4EBD-8E60-C3CD738A1AE5}.Release|x86.Build.0 = Release|Any CPU
		{2DAE21AA-BC85-4A8D-8389-2988DDF0DA4A}.Debug|Any CPU.ActiveCfg = Debug|Any CPU
		{2DAE21AA-BC85-4A8D-8389-2988DDF0DA4A}.Debug|Any CPU.Build.0 = Debug|Any CPU
		{2DAE21AA-BC85-4A8D-8389-2988DDF0DA4A}.Debug|x64.ActiveCfg = Debug|Any CPU
		{2DAE21AA-BC85-4A8D-8389-2988DDF0DA4A}.Debug|x64.Build.0 = Debug|Any CPU
		{2DAE21AA-BC85-4A8D-8389-2988DDF0DA4A}.Debug|x86.ActiveCfg = Debug|Any CPU
		{2DAE21AA-BC85-4A8D-8389-2988DDF0DA4A}.Debug|x86.Build.0 = Debug|Any CPU
		{2DAE21AA-BC85-4A8D-8389-2988DDF0DA4A}.Release|Any CPU.ActiveCfg = Release|Any CPU
		{2DAE21AA-BC85-4A8D-8389-2988DDF0DA4A}.Release|Any CPU.Build.0 = Release|Any CPU
		{2DAE21AA-BC85-4A8D-8389-2988DDF0DA4A}.Release|x64.ActiveCfg = Release|Any CPU
		{2DAE21AA-BC85-4A8D-8389-2988DDF0DA4A}.Release|x64.Build.0 = Release|Any CPU
		{2DAE21AA-BC85-4A8D-8389-2988DDF0DA4A}.Release|x86.ActiveCfg = Release|Any CPU
		{2DAE21AA-BC85-4A8D-8389-2988DDF0DA4A}.Release|x86.Build.0 = Release|Any CPU
		{435818D4-07C4-4D1D-88E0-ED491272A921}.Debug|Any CPU.ActiveCfg = Debug|Any CPU
		{435818D4-07C4-4D1D-88E0-ED491272A921}.Debug|Any CPU.Build.0 = Debug|Any CPU
		{435818D4-07C4-4D1D-88E0-ED491272A921}.Debug|x64.ActiveCfg = Debug|Any CPU
		{435818D4-07C4-4D1D-88E0-ED491272A921}.Debug|x64.Build.0 = Debug|Any CPU
		{435818D4-07C4-4D1D-88E0-ED491272A921}.Debug|x86.ActiveCfg = Debug|Any CPU
		{435818D4-07C4-4D1D-88E0-ED491272A921}.Debug|x86.Build.0 = Debug|Any CPU
		{435818D4-07C4-4D1D-88E0-ED491272A921}.Release|Any CPU.ActiveCfg = Release|Any CPU
		{435818D4-07C4-4D1D-88E0-ED491272A921}.Release|Any CPU.Build.0 = Release|Any CPU
		{435818D4-07C4-4D1D-88E0-ED491272A921}.Release|x64.ActiveCfg = Release|Any CPU
		{435818D4-07C4-4D1D-88E0-ED491272A921}.Release|x64.Build.0 = Release|Any CPU
		{435818D4-07C4-4D1D-88E0-ED491272A921}.Release|x86.ActiveCfg = Release|Any CPU
		{435818D4-07C4-4D1D-88E0-ED491272A921}.Release|x86.Build.0 = Release|Any CPU
	EndGlobalSection
	GlobalSection(SolutionProperties) = preSolution
		HideSolutionNode = FALSE
	EndGlobalSection
	GlobalSection(NestedProjects) = preSolution
		{9B620D32-277C-48F9-8A3A-B60E74CE01DF} = {19FD288F-E187-49CA-B4D5-16E8EDEFCC81}
		{35C58D50-0912-45FC-8E6F-F63D22F13BA6} = {3C4F68F3-F479-45FC-B216-6DFA1B32B448}
		{AE0DBB25-CBE4-4CEF-98B4-3E2C3C5CD667} = {3C4F68F3-F479-45FC-B216-6DFA1B32B448}
		{8DA88315-637E-407B-A4C2-F6A74384D920} = {19FD288F-E187-49CA-B4D5-16E8EDEFCC81}
		{A2BF7A00-15E1-4B98-9E74-04E8FD821EC1} = {19FD288F-E187-49CA-B4D5-16E8EDEFCC81}
		{92A2D181-8512-4FEB-8FEB-2430D64F763E} = {3C4F68F3-F479-45FC-B216-6DFA1B32B448}
		{FDEBC666-D6A8-421C-9C56-5AE93FED6188} = {3C4F68F3-F479-45FC-B216-6DFA1B32B448}
		{7AFB456C-C0FE-4345-80AF-A5D3B6772759} = {19FD288F-E187-49CA-B4D5-16E8EDEFCC81}
	EndGlobalSection
EndGlobal
